// !$*UTF8*$!
{
	archiveVersion = 1;
	classes = {
	};
	objectVersion = 55;
	objects = {

/* Begin PBXBuildFile section */
		4B4BF89227E176EE00372732 /* bingoApp.swift in Sources */ = {isa = PBXBuildFile; fileRef = 4B4BF89127E176EE00372732 /* bingoApp.swift */; };
		4B4BF89427E176EE00372732 /* ContentView.swift in Sources */ = {isa = PBXBuildFile; fileRef = 4B4BF89327E176EE00372732 /* ContentView.swift */; };
		4B4BF89627E176F000372732 /* Assets.xcassets in Resources */ = {isa = PBXBuildFile; fileRef = 4B4BF89527E176F000372732 /* Assets.xcassets */; };
		4B4BF89927E176F000372732 /* Preview Assets.xcassets in Resources */ = {isa = PBXBuildFile; fileRef = 4B4BF89827E176F000372732 /* Preview Assets.xcassets */; };
		4B4BF8A327E176F000372732 /* bingoTests.swift in Sources */ = {isa = PBXBuildFile; fileRef = 4B4BF8A227E176F000372732 /* bingoTests.swift */; };
		4B4BF8AD27E176F000372732 /* bingoUITests.swift in Sources */ = {isa = PBXBuildFile; fileRef = 4B4BF8AC27E176F000372732 /* bingoUITests.swift */; };
		4B4BF8AF27E176F000372732 /* bingoUITestsLaunchTests.swift in Sources */ = {isa = PBXBuildFile; fileRef = 4B4BF8AE27E176F000372732 /* bingoUITestsLaunchTests.swift */; };
/* End PBXBuildFile section */

/* Begin PBXContainerItemProxy section */
		4B4BF89F27E176F000372732 /* PBXContainerItemProxy */ = {
			isa = PBXContainerItemProxy;
			containerPortal = 4B4BF88627E176EE00372732 /* Project object */;
			proxyType = 1;
			remoteGlobalIDString = 4B4BF88D27E176EE00372732;
			remoteInfo = bingo;
		};
		4B4BF8A927E176F000372732 /* PBXContainerItemProxy */ = {
			isa = PBXContainerItemProxy;
			containerPortal = 4B4BF88627E176EE00372732 /* Project object */;
			proxyType = 1;
			remoteGlobalIDString = 4B4BF88D27E176EE00372732;
			remoteInfo = bingo;
		};
/* End PBXContainerItemProxy section */

/* Begin PBXFileReference section */
		4B4BF88E27E176EE00372732 /* bingo.app */ = {isa = PBXFileReference; explicitFileType = wrapper.application; includeInIndex = 0; path = bingo.app; sourceTree = BUILT_PRODUCTS_DIR; };
		4B4BF89127E176EE00372732 /* bingoApp.swift */ = {isa = PBXFileReference; lastKnownFileType = sourcecode.swift; path = bingoApp.swift; sourceTree = "<group>"; };
		4B4BF89327E176EE00372732 /* ContentView.swift */ = {isa = PBXFileReference; lastKnownFileType = sourcecode.swift; path = ContentView.swift; sourceTree = "<group>"; };
		4B4BF89527E176F000372732 /* Assets.xcassets */ = {isa = PBXFileReference; lastKnownFileType = folder.assetcatalog; path = Assets.xcassets; sourceTree = "<group>"; };
		4B4BF89827E176F000372732 /* Preview Assets.xcassets */ = {isa = PBXFileReference; lastKnownFileType = folder.assetcatalog; path = "Preview Assets.xcassets"; sourceTree = "<group>"; };
		4B4BF89E27E176F000372732 /* bingoTests.xctest */ = {isa = PBXFileReference; explicitFileType = wrapper.cfbundle; includeInIndex = 0; path = bingoTests.xctest; sourceTree = BUILT_PRODUCTS_DIR; };
		4B4BF8A227E176F000372732 /* bingoTests.swift */ = {isa = PBXFileReference; lastKnownFileType = sourcecode.swift; path = bingoTests.swift; sourceTree = "<group>"; };
		4B4BF8A827E176F000372732 /* bingoUITests.xctest */ = {isa = PBXFileReference; explicitFileType = wrapper.cfbundle; includeInIndex = 0; path = bingoUITests.xctest; sourceTree = BUILT_PRODUCTS_DIR; };
		4B4BF8AC27E176F000372732 /* bingoUITests.swift */ = {isa = PBXFileReference; lastKnownFileType = sourcecode.swift; path = bingoUITests.swift; sourceTree = "<group>"; };
		4B4BF8AE27E176F000372732 /* bingoUITestsLaunchTests.swift */ = {isa = PBXFileReference; lastKnownFileType = sourcecode.swift; path = bingoUITestsLaunchTests.swift; sourceTree = "<group>"; };
/* End PBXFileReference section */

/* Begin PBXFrameworksBuildPhase section */
		4B4BF88B27E176EE00372732 /* Frameworks */ = {
			isa = PBXFrameworksBuildPhase;
			buildActionMask = 2147483647;
			files = (
			);
			runOnlyForDeploymentPostprocessing = 0;
		};
		4B4BF89B27E176F000372732 /* Frameworks */ = {
			isa = PBXFrameworksBuildPhase;
			buildActionMask = 2147483647;
			files = (
			);
			runOnlyForDeploymentPostprocessing = 0;
		};
		4B4BF8A527E176F000372732 /* Frameworks */ = {
			isa = PBXFrameworksBuildPhase;
			buildActionMask = 2147483647;
			files = (
			);
			runOnlyForDeploymentPostprocessing = 0;
		};
/* End PBXFrameworksBuildPhase section */

/* Begin PBXGroup section */
		4B4BF88527E176EE00372732 = {
			isa = PBXGroup;
			children = (
				4B4BF89027E176EE00372732 /* bingo */,
				4B4BF8A127E176F000372732 /* bingoTests */,
				4B4BF8AB27E176F000372732 /* bingoUITests */,
				4B4BF88F27E176EE00372732 /* Products */,
			);
			sourceTree = "<group>";
		};
		4B4BF88F27E176EE00372732 /* Products */ = {
			isa = PBXGroup;
			children = (
				4B4BF88E27E176EE00372732 /* bingo.app */,
				4B4BF89E27E176F000372732 /* bingoTests.xctest */,
				4B4BF8A827E176F000372732 /* bingoUITests.xctest */,
			);
			name = Products;
			sourceTree = "<group>";
		};
		4B4BF89027E176EE00372732 /* bingo */ = {
			isa = PBXGroup;
			children = (
				4B4BF89127E176EE00372732 /* bingoApp.swift */,
				4B4BF89327E176EE00372732 /* ContentView.swift */,
				4B4BF89527E176F000372732 /* Assets.xcassets */,
				4B4BF89727E176F000372732 /* Preview Content */,
			);
			path = bingo;
			sourceTree = "<group>";
		};
		4B4BF89727E176F000372732 /* Preview Content */ = {
			isa = PBXGroup;
			children = (
				4B4BF89827E176F000372732 /* Preview Assets.xcassets */,
			);
			path = "Preview Content";
			sourceTree = "<group>";
		};
		4B4BF8A127E176F000372732 /* bingoTests */ = {
			isa = PBXGroup;
			children = (
				4B4BF8A227E176F000372732 /* bingoTests.swift */,
			);
			path = bingoTests;
			sourceTree = "<group>";
		};
		4B4BF8AB27E176F000372732 /* bingoUITests */ = {
			isa = PBXGroup;
			children = (
				4B4BF8AC27E176F000372732 /* bingoUITests.swift */,
				4B4BF8AE27E176F000372732 /* bingoUITestsLaunchTests.swift */,
			);
			path = bingoUITests;
			sourceTree = "<group>";
		};
/* End PBXGroup section */

/* Begin PBXNativeTarget section */
		4B4BF88D27E176EE00372732 /* bingo */ = {
			isa = PBXNativeTarget;
			buildConfigurationList = 4B4BF8B227E176F000372732 /* Build configuration list for PBXNativeTarget "bingo" */;
			buildPhases = (
				4B4BF88A27E176EE00372732 /* Sources */,
				4B4BF88B27E176EE00372732 /* Frameworks */,
				4B4BF88C27E176EE00372732 /* Resources */,
			);
			buildRules = (
			);
			dependencies = (
			);
			name = bingo;
			productName = bingo;
			productReference = 4B4BF88E27E176EE00372732 /* bingo.app */;
			productType = "com.apple.product-type.application";
		};
		4B4BF89D27E176F000372732 /* bingoTests */ = {
			isa = PBXNativeTarget;
			buildConfigurationList = 4B4BF8B527E176F000372732 /* Build configuration list for PBXNativeTarget "bingoTests" */;
			buildPhases = (
				4B4BF89A27E176F000372732 /* Sources */,
				4B4BF89B27E176F000372732 /* Frameworks */,
				4B4BF89C27E176F000372732 /* Resources */,
			);
			buildRules = (
			);
			dependencies = (
				4B4BF8A027E176F000372732 /* PBXTargetDependency */,
			);
			name = bingoTests;
			productName = bingoTests;
			productReference = 4B4BF89E27E176F000372732 /* bingoTests.xctest */;
			productType = "com.apple.product-type.bundle.unit-test";
		};
		4B4BF8A727E176F000372732 /* bingoUITests */ = {
			isa = PBXNativeTarget;
			buildConfigurationList = 4B4BF8B827E176F000372732 /* Build configuration list for PBXNativeTarget "bingoUITests" */;
			buildPhases = (
				4B4BF8A427E176F000372732 /* Sources */,
				4B4BF8A527E176F000372732 /* Frameworks */,
				4B4BF8A627E176F000372732 /* Resources */,
			);
			buildRules = (
			);
			dependencies = (
				4B4BF8AA27E176F000372732 /* PBXTargetDependency */,
			);
			name = bingoUITests;
			productName = bingoUITests;
			productReference = 4B4BF8A827E176F000372732 /* bingoUITests.xctest */;
			productType = "com.apple.product-type.bundle.ui-testing";
		};
/* End PBXNativeTarget section */

/* Begin PBXProject section */
		4B4BF88627E176EE00372732 /* Project object */ = {
			isa = PBXProject;
			attributes = {
				BuildIndependentTargetsInParallel = 1;
				LastSwiftUpdateCheck = 1320;
				LastUpgradeCheck = 1320;
				TargetAttributes = {
					4B4BF88D27E176EE00372732 = {
						CreatedOnToolsVersion = 13.2.1;
					};
					4B4BF89D27E176F000372732 = {
						CreatedOnToolsVersion = 13.2.1;
						TestTargetID = 4B4BF88D27E176EE00372732;
					};
					4B4BF8A727E176F000372732 = {
						CreatedOnToolsVersion = 13.2.1;
						TestTargetID = 4B4BF88D27E176EE00372732;
					};
				};
			};
			buildConfigurationList = 4B4BF88927E176EE00372732 /* Build configuration list for PBXProject "bingo" */;
			compatibilityVersion = "Xcode 13.0";
			developmentRegion = en;
			hasScannedForEncodings = 0;
			knownRegions = (
				en,
				Base,
			);
			mainGroup = 4B4BF88527E176EE00372732;
			productRefGroup = 4B4BF88F27E176EE00372732 /* Products */;
			projectDirPath = "";
			projectRoot = "";
			targets = (
				4B4BF88D27E176EE00372732 /* bingo */,
				4B4BF89D27E176F000372732 /* bingoTests */,
				4B4BF8A727E176F000372732 /* bingoUITests */,
			);
		};
/* End PBXProject section */

/* Begin PBXResourcesBuildPhase section */
		4B4BF88C27E176EE00372732 /* Resources */ = {
			isa = PBXResourcesBuildPhase;
			buildActionMask = 2147483647;
			files = (
				4B4BF89927E176F000372732 /* Preview Assets.xcassets in Resources */,
				4B4BF89627E176F000372732 /* Assets.xcassets in Resources */,
			);
			runOnlyForDeploymentPostprocessing = 0;
		};
		4B4BF89C27E176F000372732 /* Resources */ = {
			isa = PBXResourcesBuildPhase;
			buildActionMask = 2147483647;
			files = (
			);
			runOnlyForDeploymentPostprocessing = 0;
		};
		4B4BF8A627E176F000372732 /* Resources */ = {
			isa = PBXResourcesBuildPhase;
			buildActionMask = 2147483647;
			files = (
			);
			runOnlyForDeploymentPostprocessing = 0;
		};
/* End PBXResourcesBuildPhase section */

/* Begin PBXSourcesBuildPhase section */
		4B4BF88A27E176EE00372732 /* Sources */ = {
			isa = PBXSourcesBuildPhase;
			buildActionMask = 2147483647;
			files = (
				4B4BF89427E176EE00372732 /* ContentView.swift in Sources */,
				4B4BF89227E176EE00372732 /* bingoApp.swift in Sources */,
			);
			runOnlyForDeploymentPostprocessing = 0;
		};
		4B4BF89A27E176F000372732 /* Sources */ = {
			isa = PBXSourcesBuildPhase;
			buildActionMask = 2147483647;
			files = (
				4B4BF8A327E176F000372732 /* bingoTests.swift in Sources */,
			);
			runOnlyForDeploymentPostprocessing = 0;
		};
		4B4BF8A427E176F000372732 /* Sources */ = {
			isa = PBXSourcesBuildPhase;
			buildActionMask = 2147483647;
			files = (
				4B4BF8AF27E176F000372732 /* bingoUITestsLaunchTests.swift in Sources */,
				4B4BF8AD27E176F000372732 /* bingoUITests.swift in Sources */,
			);
			runOnlyForDeploymentPostprocessing = 0;
		};
/* End PBXSourcesBuildPhase section */

/* Begin PBXTargetDependency section */
		4B4BF8A027E176F000372732 /* PBXTargetDependency */ = {
			isa = PBXTargetDependency;
			target = 4B4BF88D27E176EE00372732 /* bingo */;
			targetProxy = 4B4BF89F27E176F000372732 /* PBXContainerItemProxy */;
		};
		4B4BF8AA27E176F000372732 /* PBXTargetDependency */ = {
			isa = PBXTargetDependency;
			target = 4B4BF88D27E176EE00372732 /* bingo */;
			targetProxy = 4B4BF8A927E176F000372732 /* PBXContainerItemProxy */;
		};
/* End PBXTargetDependency section */

/* Begin XCBuildConfiguration section */
		4B4BF8B027E176F000372732 /* Debug */ = {
			isa = XCBuildConfiguration;
			buildSettings = {
				ALWAYS_SEARCH_USER_PATHS = NO;
				CLANG_ANALYZER_NONNULL = YES;
				CLANG_ANALYZER_NUMBER_OBJECT_CONVERSION = YES_AGGRESSIVE;
				CLANG_CXX_LANGUAGE_STANDARD = "gnu++17";
				CLANG_CXX_LIBRARY = "libc++";
				CLANG_ENABLE_MODULES = YES;
				CLANG_ENABLE_OBJC_ARC = YES;
				CLANG_ENABLE_OBJC_WEAK = YES;
				CLANG_WARN_BLOCK_CAPTURE_AUTORELEASING = YES;
				CLANG_WARN_BOOL_CONVERSION = YES;
				CLANG_WARN_COMMA = YES;
				CLANG_WARN_CONSTANT_CONVERSION = YES;
				CLANG_WARN_DEPRECATED_OBJC_IMPLEMENTATIONS = YES;
				CLANG_WARN_DIRECT_OBJC_ISA_USAGE = YES_ERROR;
				CLANG_WARN_DOCUMENTATION_COMMENTS = YES;
				CLANG_WARN_EMPTY_BODY = YES;
				CLANG_WARN_ENUM_CONVERSION = YES;
				CLANG_WARN_INFINITE_RECURSION = YES;
				CLANG_WARN_INT_CONVERSION = YES;
				CLANG_WARN_NON_LITERAL_NULL_CONVERSION = YES;
				CLANG_WARN_OBJC_IMPLICIT_RETAIN_SELF = YES;
				CLANG_WARN_OBJC_LITERAL_CONVERSION = YES;
				CLANG_WARN_OBJC_ROOT_CLASS = YES_ERROR;
				CLANG_WARN_QUOTED_INCLUDE_IN_FRAMEWORK_HEADER = YES;
				CLANG_WARN_RANGE_LOOP_ANALYSIS = YES;
				CLANG_WARN_STRICT_PROTOTYPES = YES;
				CLANG_WARN_SUSPICIOUS_MOVE = YES;
				CLANG_WARN_UNGUARDED_AVAILABILITY = YES_AGGRESSIVE;
				CLANG_WARN_UNREACHABLE_CODE = YES;
				CLANG_WARN__DUPLICATE_METHOD_MATCH = YES;
				COPY_PHASE_STRIP = NO;
				DEBUG_INFORMATION_FORMAT = dwarf;
				ENABLE_STRICT_OBJC_MSGSEND = YES;
				ENABLE_TESTABILITY = YES;
				GCC_C_LANGUAGE_STANDARD = gnu11;
				GCC_DYNAMIC_NO_PIC = NO;
				GCC_NO_COMMON_BLOCKS = YES;
				GCC_OPTIMIZATION_LEVEL = 0;
				GCC_PREPROCESSOR_DEFINITIONS = (
					"DEBUG=1",
					"$(inherited)",
				);
				GCC_WARN_64_TO_32_BIT_CONVERSION = YES;
				GCC_WARN_ABOUT_RETURN_TYPE = YES_ERROR;
				GCC_WARN_UNDECLARED_SELECTOR = YES;
				GCC_WARN_UNINITIALIZED_AUTOS = YES_AGGRESSIVE;
				GCC_WARN_UNUSED_FUNCTION = YES;
				GCC_WARN_UNUSED_VARIABLE = YES;
				IPHONEOS_DEPLOYMENT_TARGET = 15.2;
				MTL_ENABLE_DEBUG_INFO = INCLUDE_SOURCE;
				MTL_FAST_MATH = YES;
				ONLY_ACTIVE_ARCH = YES;
				SDKROOT = iphoneos;
				SWIFT_ACTIVE_COMPILATION_CONDITIONS = DEBUG;
				SWIFT_OPTIMIZATION_LEVEL = "-Onone";
			};
			name = Debug;
		};
		4B4BF8B127E176F000372732 /* Release */ = {
			isa = XCBuildConfiguration;
			buildSettings = {
				ALWAYS_SEARCH_USER_PATHS = NO;
				CLANG_ANALYZER_NONNULL = YES;
				CLANG_ANALYZER_NUMBER_OBJECT_CONVERSION = YES_AGGRESSIVE;
				CLANG_CXX_LANGUAGE_STANDARD = "gnu++17";
				CLANG_CXX_LIBRARY = "libc++";
				CLANG_ENABLE_MODULES = YES;
				CLANG_ENABLE_OBJC_ARC = YES;
				CLANG_ENABLE_OBJC_WEAK = YES;
				CLANG_WARN_BLOCK_CAPTURE_AUTORELEASING = YES;
				CLANG_WARN_BOOL_CONVERSION = YES;
				CLANG_WARN_COMMA = YES;
				CLANG_WARN_CONSTANT_CONVERSION = YES;
				CLANG_WARN_DEPRECATED_OBJC_IMPLEMENTATIONS = YES;
				CLANG_WARN_DIRECT_OBJC_ISA_USAGE = YES_ERROR;
				CLANG_WARN_DOCUMENTATION_COMMENTS = YES;
				CLANG_WARN_EMPTY_BODY = YES;
				CLANG_WARN_ENUM_CONVERSION = YES;
				CLANG_WARN_INFINITE_RECURSION = YES;
				CLANG_WARN_INT_CONVERSION = YES;
				CLANG_WARN_NON_LITERAL_NULL_CONVERSION = YES;
				CLANG_WARN_OBJC_IMPLICIT_RETAIN_SELF = YES;
				CLANG_WARN_OBJC_LITERAL_CONVERSION = YES;
				CLANG_WARN_OBJC_ROOT_CLASS = YES_ERROR;
				CLANG_WARN_QUOTED_INCLUDE_IN_FRAMEWORK_HEADER = YES;
				CLANG_WARN_RANGE_LOOP_ANALYSIS = YES;
				CLANG_WARN_STRICT_PROTOTYPES = YES;
				CLANG_WARN_SUSPICIOUS_MOVE = YES;
				CLANG_WARN_UNGUARDED_AVAILABILITY = YES_AGGRESSIVE;
				CLANG_WARN_UNREACHABLE_CODE = YES;
				CLANG_WARN__DUPLICATE_METHOD_MATCH = YES;
				COPY_PHASE_STRIP = NO;
				DEBUG_INFORMATION_FORMAT = "dwarf-with-dsym";
				ENABLE_NS_ASSERTIONS = NO;
				ENABLE_STRICT_OBJC_MSGSEND = YES;
				GCC_C_LANGUAGE_STANDARD = gnu11;
				GCC_NO_COMMON_BLOCKS = YES;
				GCC_WARN_64_TO_32_BIT_CONVERSION = YES;
				GCC_WARN_ABOUT_RETURN_TYPE = YES_ERROR;
				GCC_WARN_UNDECLARED_SELECTOR = YES;
				GCC_WARN_UNINITIALIZED_AUTOS = YES_AGGRESSIVE;
				GCC_WARN_UNUSED_FUNCTION = YES;
				GCC_WARN_UNUSED_VARIABLE = YES;
				IPHONEOS_DEPLOYMENT_TARGET = 15.2;
				MTL_ENABLE_DEBUG_INFO = NO;
				MTL_FAST_MATH = YES;
				SDKROOT = iphoneos;
				SWIFT_COMPILATION_MODE = wholemodule;
				SWIFT_OPTIMIZATION_LEVEL = "-O";
				VALIDATE_PRODUCT = YES;
			};
			name = Release;
		};
		4B4BF8B327E176F000372732 /* Debug */ = {
			isa = XCBuildConfiguration;
			buildSettings = {
				ASSETCATALOG_COMPILER_APPICON_NAME = AppIcon;
				ASSETCATALOG_COMPILER_GLOBAL_ACCENT_COLOR_NAME = AccentColor;
				CODE_SIGN_STYLE = Automatic;
				CURRENT_PROJECT_VERSION = 1;
				DEVELOPMENT_ASSET_PATHS = "\"bingo/Preview Content\"";
				DEVELOPMENT_TEAM = 2NGCBTHK5K;
				ENABLE_PREVIEWS = YES;
				GENERATE_INFOPLIST_FILE = YES;
				INFOPLIST_KEY_UIApplicationSceneManifest_Generation = YES;
				INFOPLIST_KEY_UIApplicationSupportsIndirectInputEvents = YES;
				INFOPLIST_KEY_UILaunchScreen_Generation = YES;
				INFOPLIST_KEY_UISupportedInterfaceOrientations_iPad = "UIInterfaceOrientationPortrait UIInterfaceOrientationPortraitUpsideDown UIInterfaceOrientationLandscapeLeft UIInterfaceOrientationLandscapeRight";
				INFOPLIST_KEY_UISupportedInterfaceOrientations_iPhone = "UIInterfaceOrientationPortrait UIInterfaceOrientationLandscapeLeft UIInterfaceOrientationLandscapeRight";
				LD_RUNPATH_SEARCH_PATHS = (
					"$(inherited)",
					"@executable_path/Frameworks",
				);
				MARKETING_VERSION = 1.0;
				PRODUCT_BUNDLE_IDENTIFIER = kanbe1365.bingo;
				PRODUCT_NAME = "$(TARGET_NAME)";
				SWIFT_EMIT_LOC_STRINGS = YES;
				SWIFT_VERSION = 5.0;
				TARGETED_DEVICE_FAMILY = "1,2";
			};
			name = Debug;
		};
		4B4BF8B427E176F000372732 /* Release */ = {
			isa = XCBuildConfiguration;
			buildSettings = {
				ASSETCATALOG_COMPILER_APPICON_NAME = AppIcon;
				ASSETCATALOG_COMPILER_GLOBAL_ACCENT_COLOR_NAME = AccentColor;
				CODE_SIGN_STYLE = Automatic;
				CURRENT_PROJECT_VERSION = 1;
				DEVELOPMENT_ASSET_PATHS = "\"bingo/Preview Content\"";
				DEVELOPMENT_TEAM = 2NGCBTHK5K;
				ENABLE_PREVIEWS = YES;
				GENERATE_INFOPLIST_FILE = YES;
				INFOPLIST_KEY_UIApplicationSceneManifest_Generation = YES;
				INFOPLIST_KEY_UIApplicationSupportsIndirectInputEvents = YES;
				INFOPLIST_KEY_UILaunchScreen_Generation = YES;
				INFOPLIST_KEY_UISupportedInterfaceOrientations_iPad = "UIInterfaceOrientationPortrait UIInterfaceOrientationPortraitUpsideDown UIInterfaceOrientationLandscapeLeft UIInterfaceOrientationLandscapeRight";
				INFOPLIST_KEY_UISupportedInterfaceOrientations_iPhone = "UIInterfaceOrientationPortrait UIInterfaceOrientationLandscapeLeft UIInterfaceOrientationLandscapeRight";
				LD_RUNPATH_SEARCH_PATHS = (
					"$(inherited)",
					"@executable_path/Frameworks",
				);
				MARKETING_VERSION = 1.0;
				PRODUCT_BUNDLE_IDENTIFIER = kanbe1365.bingo;
				PRODUCT_NAME = "$(TARGET_NAME)";
				SWIFT_EMIT_LOC_STRINGS = YES;
				SWIFT_VERSION = 5.0;
				TARGETED_DEVICE_FAMILY = "1,2";
			};
			name = Release;
		};
		4B4BF8B627E176F000372732 /* Debug */ = {
			isa = XCBuildConfiguration;
			buildSettings = {
				ALWAYS_EMBED_SWIFT_STANDARD_LIBRARIES = YES;
				BUNDLE_LOADER = "$(TEST_HOST)";
				CODE_SIGN_STYLE = Automatic;
				CURRENT_PROJECT_VERSION = 1;
				DEVELOPMENT_TEAM = 2NGCBTHK5K;
				GENERATE_INFOPLIST_FILE = YES;
				IPHONEOS_DEPLOYMENT_TARGET = 15.2;
				MARKETING_VERSION = 1.0;
				PRODUCT_BUNDLE_IDENTIFIER = kanbe1365.bingoTests;
				PRODUCT_NAME = "$(TARGET_NAME)";
				SWIFT_EMIT_LOC_STRINGS = NO;
				SWIFT_VERSION = 5.0;
				TARGETED_DEVICE_FAMILY = "1,2";
				TEST_HOST = "$(BUILT_PRODUCTS_DIR)/bingo.app/bingo";
			};
			name = Debug;
		};
		4B4BF8B727E176F000372732 /* Release */ = {
			isa = XCBuildConfiguration;
			buildSettings = {
				ALWAYS_EMBED_SWIFT_STANDARD_LIBRARIES = YES;
				BUNDLE_LOADER = "$(TEST_HOST)";
				CODE_SIGN_STYLE = Automatic;
				CURRENT_PROJECT_VERSION = 1;
				DEVELOPMENT_TEAM = 2NGCBTHK5K;
				GENERATE_INFOPLIST_FILE = YES;
				IPHONEOS_DEPLOYMENT_TARGET = 15.2;
				MARKETING_VERSION = 1.0;
				PRODUCT_BUNDLE_IDENTIFIER = kanbe1365.bingoTests;
				PRODUCT_NAME = "$(TARGET_NAME)";
				SWIFT_EMIT_LOC_STRINGS = NO;
				SWIFT_VERSION = 5.0;
				TARGETED_DEVICE_FAMILY = "1,2";
				TEST_HOST = "$(BUILT_PRODUCTS_DIR)/bingo.app/bingo";
			};
			name = Release;
		};
		4B4BF8B927E176F000372732 /* Debug */ = {
			isa = XCBuildConfiguration;
			buildSettings = {
				ALWAYS_EMBED_SWIFT_STANDARD_LIBRARIES = YES;
				CODE_SIGN_STYLE = Automatic;
				CURRENT_PROJECT_VERSION = 1;
				DEVELOPMENT_TEAM = 2NGCBTHK5K;
				GENERATE_INFOPLIST_FILE = YES;
				MARKETING_VERSION = 1.0;
				PRODUCT_BUNDLE_IDENTIFIER = kanbe1365.bingoUITests;
				PRODUCT_NAME = "$(TARGET_NAME)";
				SWIFT_EMIT_LOC_STRINGS = NO;
				SWIFT_VERSION = 5.0;
				TARGETED_DEVICE_FAMILY = "1,2";
				TEST_TARGET_NAME = bingo;
			};
			name = Debug;
		};
		4B4BF8BA27E176F000372732 /* Release */ = {
			isa = XCBuildConfiguration;
			buildSettings = {
				ALWAYS_EMBED_SWIFT_STANDARD_LIBRARIES = YES;
				CODE_SIGN_STYLE = Automatic;
				CURRENT_PROJECT_VERSION = 1;
				DEVELOPMENT_TEAM = 2NGCBTHK5K;
				GENERATE_INFOPLIST_FILE = YES;
				MARKETING_VERSION = 1.0;
				PRODUCT_BUNDLE_IDENTIFIER = kanbe1365.bingoUITests;
				PRODUCT_NAME = "$(TARGET_NAME)";
				SWIFT_EMIT_LOC_STRINGS = NO;
				SWIFT_VERSION = 5.0;
				TARGETED_DEVICE_FAMILY = "1,2";
				TEST_TARGET_NAME = bingo;
			};
			name = Release;
		};
/* End XCBuildConfiguration section */

/* Begin XCConfigurationList section */
		4B4BF88927E176EE00372732 /* Build configuration list for PBXProject "bingo" */ = {
			isa = XCConfigurationList;
			buildConfigurations = (
				4B4BF8B027E176F000372732 /* Debug */,
				4B4BF8B127E176F000372732 /* Release */,
			);
			defaultConfigurationIsVisible = 0;
			defaultConfigurationName = Release;
		};
		4B4BF8B227E176F000372732 /* Build configuration list for PBXNativeTarget "bingo" */ = {
			isa = XCConfigurationList;
			buildConfigurations = (
				4B4BF8B327E176F000372732 /* Debug */,
				4B4BF8B427E176F000372732 /* Release */,
			);
			defaultConfigurationIsVisible = 0;
			defaultConfigurationName = Release;
		};
		4B4BF8B527E176F000372732 /* Build configuration list for PBXNativeTarget "bingoTests" */ = {
			isa = XCConfigurationList;
			buildConfigurations = (
				4B4BF8B627E176F000372732 /* Debug */,
				4B4BF8B727E176F000372732 /* Release */,
			);
			defaultConfigurationIsVisible = 0;
			defaultConfigurationName = Release;
		};
		4B4BF8B827E176F000372732 /* Build configuration list for PBXNativeTarget "bingoUITests" */ = {
			isa = XCConfigurationList;
			buildConfigurations = (
				4B4BF8B927E176F000372732 /* Debug */,
				4B4BF8BA27E176F000372732 /* Release */,
			);
			defaultConfigurationIsVisible = 0;
			defaultConfigurationName = Release;
		};
/* End XCConfigurationList section */
	};
	rootObject = 4B4BF88627E176EE00372732 /* Project object */;
}
